
Microsoft Visual Studio Solution File, Format Version 12.00
# Visual Studio Version 16
VisualStudioVersion = 16.0.31005.135
MinimumVisualStudioVersion = 10.0.40219.1
Project("{9A19103F-16F7-4668-BE54-9A1E7A4F7556}") = "TiTsEd", "TiTsEd\TiTsEd.csproj", "{83EF4E21-C7BB-4ED4-91BB-100DED08F950}"
EndProject
Global
	GlobalSection(SolutionConfigurationPlatforms) = preSolution
		Debug|Any CPU = Debug|Any CPU
		Release|Any CPU = Release|Any CPU
	EndGlobalSection
	GlobalSection(ProjectConfigurationPlatforms) = postSolution
		{83EF4E21-C7BB-4ED4-91BB-100DED08F950}.Debug|Any CPU.ActiveCfg = Debug|Any CPU
		{83EF4E21-C7BB-4ED4-91BB-100DED08F950}.Debug|Any CPU.Build.0 = Debug|Any CPU
		{83EF4E21-C7BB-4ED4-91BB-100DED08F950}.Release|Any CPU.ActiveCfg = Release|Any CPU
		{83EF4E21-C7BB-4ED4-91BB-100DED08F950}.Release|Any CPU.Build.0 = Release|Any CPU
	EndGlobalSection
	GlobalSection(SolutionProperties) = preSolution
		HideSolutionNode = FALSE
	EndGlobalSection
EndGlobal
